// !$*UTF8*$!
{
	archiveVersion = 1;
	classes = {
	};
	objectVersion = 46;
	objects = {

/* Begin PBXBuildFile section */
		BCA9DFEC1AD735FB00E020E8 /* main.m in Sources */ = {isa = PBXBuildFile; fileRef = BCA9DFEB1AD735FB00E020E8 /* main.m */; };
		BCA9DFEF1AD735FB00E020E8 /* AppDelegate.m in Sources */ = {isa = PBXBuildFile; fileRef = BCA9DFEE1AD735FB00E020E8 /* AppDelegate.m */; };
		BCA9DFF21AD735FB00E020E8 /* ViewController.m in Sources */ = {isa = PBXBuildFile; fileRef = BCA9DFF11AD735FB00E020E8 /* ViewController.m */; };
		BCA9DFF51AD735FB00E020E8 /* Main.storyboard in Resources */ = {isa = PBXBuildFile; fileRef = BCA9DFF31AD735FB00E020E8 /* Main.storyboard */; };
		BCA9DFF71AD735FB00E020E8 /* Images.xcassets in Resources */ = {isa = PBXBuildFile; fileRef = BCA9DFF61AD735FB00E020E8 /* Images.xcassets */; };
		BCA9DFFA1AD735FB00E020E8 /* LaunchScreen.xib in Resources */ = {isa = PBXBuildFile; fileRef = BCA9DFF81AD735FB00E020E8 /* LaunchScreen.xib */; };
		BCA9E0061AD735FB00E020E8 /* playingWithNSLinguisticTaggerTests.m in Sources */ = {isa = PBXBuildFile; fileRef = BCA9E0051AD735FB00E020E8 /* playingWithNSLinguisticTaggerTests.m */; };
/* End PBXBuildFile section */

/* Begin PBXContainerItemProxy section */
		BCA9E0001AD735FB00E020E8 /* PBXContainerItemProxy */ = {
			isa = PBXContainerItemProxy;
			containerPortal = BCA9DFDE1AD735FB00E020E8 /* Project object */;
			proxyType = 1;
			remoteGlobalIDString = BCA9DFE51AD735FB00E020E8;
			remoteInfo = playingWithNSLinguisticTagger;
		};
/* End PBXContainerItemProxy section */

/* Begin PBXFileReference section */
		BCA9DFE61AD735FB00E020E8 /* playingWithNSLinguisticTagger.app */ = {isa = PBXFileReference; explicitFileType = wrapper.application; includeInIndex = 0; path = playingWithNSLinguisticTagger.app; sourceTree = BUILT_PRODUCTS_DIR; };
		BCA9DFEA1AD735FB00E020E8 /* Info.plist */ = {isa = PBXFileReference; lastKnownFileType = text.plist.xml; path = Info.plist; sourceTree = "<group>"; };
		BCA9DFEB1AD735FB00E020E8 /* main.m */ = {isa = PBXFileReference; lastKnownFileType = sourcecode.c.objc; path = main.m; sourceTree = "<group>"; };
		BCA9DFED1AD735FB00E020E8 /* AppDelegate.h */ = {isa = PBXFileReference; lastKnownFileType = sourcecode.c.h; path = AppDelegate.h; sourceTree = "<group>"; };
		BCA9DFEE1AD735FB00E020E8 /* AppDelegate.m */ = {isa = PBXFileReference; lastKnownFileType = sourcecode.c.objc; path = AppDelegate.m; sourceTree = "<group>"; };
		BCA9DFF01AD735FB00E020E8 /* ViewController.h */ = {isa = PBXFileReference; lastKnownFileType = sourcecode.c.h; path = ViewController.h; sourceTree = "<group>"; };
		BCA9DFF11AD735FB00E020E8 /* ViewController.m */ = {isa = PBXFileReference; lastKnownFileType = sourcecode.c.objc; path = ViewController.m; sourceTree = "<group>"; };
		BCA9DFF41AD735FB00E020E8 /* Base */ = {isa = PBXFileReference; lastKnownFileType = file.storyboard; name = Base; path = Base.lproj/Main.storyboard; sourceTree = "<group>"; };
		BCA9DFF61AD735FB00E020E8 /* Images.xcassets */ = {isa = PBXFileReference; lastKnownFileType = folder.assetcatalog; path = Images.xcassets; sourceTree = "<group>"; };
		BCA9DFF91AD735FB00E020E8 /* Base */ = {isa = PBXFileReference; lastKnownFileType = file.xib; name = Base; path = Base.lproj/LaunchScreen.xib; sourceTree = "<group>"; };
		BCA9DFFF1AD735FB00E020E8 /* playingWithNSLinguisticTaggerTests.xctest */ = {isa = PBXFileReference; explicitFileType = wrapper.cfbundle; includeInIndex = 0; path = playingWithNSLinguisticTaggerTests.xctest; sourceTree = BUILT_PRODUCTS_DIR; };
		BCA9E0041AD735FB00E020E8 /* Info.plist */ = {isa = PBXFileReference; lastKnownFileType = text.plist.xml; path = Info.plist; sourceTree = "<group>"; };
		BCA9E0051AD735FB00E020E8 /* playingWithNSLinguisticTaggerTests.m */ = {isa = PBXFileReference; lastKnownFileType = sourcecode.c.objc; path = playingWithNSLinguisticTaggerTests.m; sourceTree = "<group>"; };
/* End PBXFileReference section */

/* Begin PBXFrameworksBuildPhase section */
		BCA9DFE31AD735FB00E020E8 /* Frameworks */ = {
			isa = PBXFrameworksBuildPhase;
			buildActionMask = 2147483647;
			files = (
			);
			runOnlyForDeploymentPostprocessing = 0;
		};
		BCA9DFFC1AD735FB00E020E8 /* Frameworks */ = {
			isa = PBXFrameworksBuildPhase;
			buildActionMask = 2147483647;
			files = (
			);
			runOnlyForDeploymentPostprocessing = 0;
		};
/* End PBXFrameworksBuildPhase section */

/* Begin PBXGroup section */
		BCA9DFDD1AD735FB00E020E8 = {
			isa = PBXGroup;
			children = (
				BCA9DFE81AD735FB00E020E8 /* playingWithNSLinguisticTagger */,
				BCA9E0021AD735FB00E020E8 /* playingWithNSLinguisticTaggerTests */,
				BCA9DFE71AD735FB00E020E8 /* Products */,
			);
			sourceTree = "<group>";
		};
		BCA9DFE71AD735FB00E020E8 /* Products */ = {
			isa = PBXGroup;
			children = (
				BCA9DFE61AD735FB00E020E8 /* playingWithNSLinguisticTagger.app */,
				BCA9DFFF1AD735FB00E020E8 /* playingWithNSLinguisticTaggerTests.xctest */,
			);
			name = Products;
			sourceTree = "<group>";
		};
		BCA9DFE81AD735FB00E020E8 /* playingWithNSLinguisticTagger */ = {
			isa = PBXGroup;
			children = (
				BCA9DFED1AD735FB00E020E8 /* AppDelegate.h */,
				BCA9DFEE1AD735FB00E020E8 /* AppDelegate.m */,
				BCA9DFF01AD735FB00E020E8 /* ViewController.h */,
				BCA9DFF11AD735FB00E020E8 /* ViewController.m */,
				BCA9DFF31AD735FB00E020E8 /* Main.storyboard */,
				BCA9DFF61AD735FB00E020E8 /* Images.xcassets */,
				BCA9DFF81AD735FB00E020E8 /* LaunchScreen.xib */,
				BCA9DFE91AD735FB00E020E8 /* Supporting Files */,
			);
			path = playingWithNSLinguisticTagger;
			sourceTree = "<group>";
		};
		BCA9DFE91AD735FB00E020E8 /* Supporting Files */ = {
			isa = PBXGroup;
			children = (
				BCA9DFEA1AD735FB00E020E8 /* Info.plist */,
				BCA9DFEB1AD735FB00E020E8 /* main.m */,
			);
			name = "Supporting Files";
			sourceTree = "<group>";
		};
		BCA9E0021AD735FB00E020E8 /* playingWithNSLinguisticTaggerTests */ = {
			isa = PBXGroup;
			children = (
				BCA9E0051AD735FB00E020E8 /* playingWithNSLinguisticTaggerTests.m */,
				BCA9E0031AD735FB00E020E8 /* Supporting Files */,
			);
			path = playingWithNSLinguisticTaggerTests;
			sourceTree = "<group>";
		};
		BCA9E0031AD735FB00E020E8 /* Supporting Files */ = {
			isa = PBXGroup;
			children = (
				BCA9E0041AD735FB00E020E8 /* Info.plist */,
			);
			name = "Supporting Files";
			sourceTree = "<group>";
		};
/* End PBXGroup section */

/* Begin PBXNativeTarget section */
		BCA9DFE51AD735FB00E020E8 /* playingWithNSLinguisticTagger */ = {
			isa = PBXNativeTarget;
			buildConfigurationList = BCA9E0091AD735FB00E020E8 /* Build configuration list for PBXNativeTarget "playingWithNSLinguisticTagger" */;
			buildPhases = (
				BCA9DFE21AD735FB00E020E8 /* Sources */,
				BCA9DFE31AD735FB00E020E8 /* Frameworks */,
				BCA9DFE41AD735FB00E020E8 /* Resources */,
			);
			buildRules = (
			);
			dependencies = (
			);
			name = playingWithNSLinguisticTagger;
			productName = playingWithNSLinguisticTagger;
			productReference = BCA9DFE61AD735FB00E020E8 /* playingWithNSLinguisticTagger.app */;
			productType = "com.apple.product-type.application";
		};
		BCA9DFFE1AD735FB00E020E8 /* playingWithNSLinguisticTaggerTests */ = {
			isa = PBXNativeTarget;
			buildConfigurationList = BCA9E00C1AD735FB00E020E8 /* Build configuration list for PBXNativeTarget "playingWithNSLinguisticTaggerTests" */;
			buildPhases = (
				BCA9DFFB1AD735FB00E020E8 /* Sources */,
				BCA9DFFC1AD735FB00E020E8 /* Frameworks */,
				BCA9DFFD1AD735FB00E020E8 /* Resources */,
			);
			buildRules = (
			);
			dependencies = (
				BCA9E0011AD735FB00E020E8 /* PBXTargetDependency */,
			);
			name = playingWithNSLinguisticTaggerTests;
			productName = playingWithNSLinguisticTaggerTests;
			productReference = BCA9DFFF1AD735FB00E020E8 /* playingWithNSLinguisticTaggerTests.xctest */;
			productType = "com.apple.product-type.bundle.unit-test";
		};
/* End PBXNativeTarget section */

/* Begin PBXProject section */
		BCA9DFDE1AD735FB00E020E8 /* Project object */ = {
			isa = PBXProject;
			attributes = {
				LastUpgradeCheck = 0620;
				ORGANIZATIONNAME = "Flatiron School";
				TargetAttributes = {
					BCA9DFE51AD735FB00E020E8 = {
						CreatedOnToolsVersion = 6.2;
					};
					BCA9DFFE1AD735FB00E020E8 = {
						CreatedOnToolsVersion = 6.2;
						TestTargetID = BCA9DFE51AD735FB00E020E8;
					};
				};
			};
			buildConfigurationList = BCA9DFE11AD735FB00E020E8 /* Build configuration list for PBXProject "playingWithNSLinguisticTagger" */;
			compatibilityVersion = "Xcode 3.2";
			developmentRegion = English;
			hasScannedForEncodings = 0;
			knownRegions = (
				en,
				Base,
			);
			mainGroup = BCA9DFDD1AD735FB00E020E8;
			productRefGroup = BCA9DFE71AD735FB00E020E8 /* Products */;
			projectDirPath = "";
			projectRoot = "";
			targets = (
				BCA9DFE51AD735FB00E020E8 /* playingWithNSLinguisticTagger */,
				BCA9DFFE1AD735FB00E020E8 /* playingWithNSLinguisticTaggerTests */,
			);
		};
/* End PBXProject section */

/* Begin PBXResourcesBuildPhase section */
		BCA9DFE41AD735FB00E020E8 /* Resources */ = {
			isa = PBXResourcesBuildPhase;
			buildActionMask = 2147483647;
			files = (
				BCA9DFF51AD735FB00E020E8 /* Main.storyboard in Resources */,
				BCA9DFFA1AD735FB00E020E8 /* LaunchScreen.xib in Resources */,
				BCA9DFF71AD735FB00E020E8 /* Images.xcassets in Resources */,
			);
			runOnlyForDeploymentPostprocessing = 0;
		};
		BCA9DFFD1AD735FB00E020E8 /* Resources */ = {
			isa = PBXResourcesBuildPhase;
			buildActionMask = 2147483647;
			files = (
			);
			runOnlyForDeploymentPostprocessing = 0;
		};
/* End PBXResourcesBuildPhase section */

/* Begin PBXSourcesBuildPhase section */
		BCA9DFE21AD735FB00E020E8 /* Sources */ = {
			isa = PBXSourcesBuildPhase;
			buildActionMask = 2147483647;
			files = (
				BCA9DFF21AD735FB00E020E8 /* ViewController.m in Sources */,
				BCA9DFEF1AD735FB00E020E8 /* AppDelegate.m in Sources */,
				BCA9DFEC1AD735FB00E020E8 /* main.m in Sources */,
			);
			runOnlyForDeploymentPostprocessing = 0;
		};
		BCA9DFFB1AD735FB00E020E8 /* Sources */ = {
			isa = PBXSourcesBuildPhase;
			buildActionMask = 2147483647;
			files = (
				BCA9E0061AD735FB00E020E8 /* playingWithNSLinguisticTaggerTests.m in Sources */,
			);
			runOnlyForDeploymentPostprocessing = 0;
		};
/* End PBXSourcesBuildPhase section */

/* Begin PBXTargetDependency section */
		BCA9E0011AD735FB00E020E8 /* PBXTargetDependency */ = {
			isa = PBXTargetDependency;
			target = BCA9DFE51AD735FB00E020E8 /* playingWithNSLinguisticTagger */;
			targetProxy = BCA9E0001AD735FB00E020E8 /* PBXContainerItemProxy */;
		};
/* End PBXTargetDependency section */

/* Begin PBXVariantGroup section */
		BCA9DFF31AD735FB00E020E8 /* Main.storyboard */ = {
			isa = PBXVariantGroup;
			children = (
				BCA9DFF41AD735FB00E020E8 /* Base */,
			);
			name = Main.storyboard;
			sourceTree = "<group>";
		};
		BCA9DFF81AD735FB00E020E8 /* LaunchScreen.xib */ = {
			isa = PBXVariantGroup;
			children = (
				BCA9DFF91AD735FB00E020E8 /* Base */,
			);
			name = LaunchScreen.xib;
			sourceTree = "<group>";
		};
/* End PBXVariantGroup section */

/* Begin XCBuildConfiguration section */
		BCA9E0071AD735FB00E020E8 /* Debug */ = {
			isa = XCBuildConfiguration;
			buildSettings = {
				ALWAYS_SEARCH_USER_PATHS = NO;
				CLANG_CXX_LANGUAGE_STANDARD = "gnu++0x";
				CLANG_CXX_LIBRARY = "libc++";
				CLANG_ENABLE_MODULES = YES;
				CLANG_ENABLE_OBJC_ARC = YES;
				CLANG_WARN_BOOL_CONVERSION = YES;
				CLANG_WARN_CONSTANT_CONVERSION = YES;
				CLANG_WARN_DIRECT_OBJC_ISA_USAGE = YES_ERROR;
				CLANG_WARN_EMPTY_BODY = YES;
				CLANG_WARN_ENUM_CONVERSION = YES;
				CLANG_WARN_INT_CONVERSION = YES;
				CLANG_WARN_OBJC_ROOT_CLASS = YES_ERROR;
				CLANG_WARN_UNREACHABLE_CODE = YES;
				CLANG_WARN__DUPLICATE_METHOD_MATCH = YES;
				"CODE_SIGN_IDENTITY[sdk=iphoneos*]" = "iPhone Developer";
				COPY_PHASE_STRIP = NO;
				ENABLE_STRICT_OBJC_MSGSEND = YES;
				GCC_C_LANGUAGE_STANDARD = gnu99;
				GCC_DYNAMIC_NO_PIC = NO;
				GCC_OPTIMIZATION_LEVEL = 0;
				GCC_PREPROCESSOR_DEFINITIONS = (
					"DEBUG=1",
					"$(inherited)",
				);
				GCC_SYMBOLS_PRIVATE_EXTERN = NO;
				GCC_WARN_64_TO_32_BIT_CONVERSION = YES;
				GCC_WARN_ABOUT_RETURN_TYPE = YES_ERROR;
				GCC_WARN_UNDECLARED_SELECTOR = YES;
				GCC_WARN_UNINITIALIZED_AUTOS = YES_AGGRESSIVE;
				GCC_WARN_UNUSED_FUNCTION = YES;
				GCC_WARN_UNUSED_VARIABLE = YES;
				IPHONEOS_DEPLOYMENT_TARGET = 8.2;
				MTL_ENABLE_DEBUG_INFO = YES;
				ONLY_ACTIVE_ARCH = YES;
				SDKROOT = iphoneos;
				TARGETED_DEVICE_FAMILY = "1,2";
			};
			name = Debug;
		};
		BCA9E0081AD735FB00E020E8 /* Release */ = {
			isa = XCBuildConfiguration;
			buildSettings = {
				ALWAYS_SEARCH_USER_PATHS = NO;
				CLANG_CXX_LANGUAGE_STANDARD = "gnu++0x";
				CLANG_CXX_LIBRARY = "libc++";
				CLANG_ENABLE_MODULES = YES;
				CLANG_ENABLE_OBJC_ARC = YES;
				CLANG_WARN_BOOL_CONVERSION = YES;
				CLANG_WARN_CONSTANT_CONVERSION = YES;
				CLANG_WARN_DIRECT_OBJC_ISA_USAGE = YES_ERROR;
				CLANG_WARN_EMPTY_BODY = YES;
				CLANG_WARN_ENUM_CONVERSION = YES;
				CLANG_WARN_INT_CONVERSION = YES;
				CLANG_WARN_OBJC_ROOT_CLASS = YES_ERROR;
				CLANG_WARN_UNREACHABLE_CODE = YES;
				CLANG_WARN__DUPLICATE_METHOD_MATCH = YES;
				"CODE_SIGN_IDENTITY[sdk=iphoneos*]" = "iPhone Developer";
				COPY_PHASE_STRIP = NO;
				ENABLE_NS_ASSERTIONS = NO;
				ENABLE_STRICT_OBJC_MSGSEND = YES;
				GCC_C_LANGUAGE_STANDARD = gnu99;
				GCC_WARN_64_TO_32_BIT_CONVERSION = YES;
				GCC_WARN_ABOUT_RETURN_TYPE = YES_ERROR;
				GCC_WARN_UNDECLARED_SELECTOR = YES;
				GCC_WARN_UNINITIALIZED_AUTOS = YES_AGGRESSIVE;
				GCC_WARN_UNUSED_FUNCTION = YES;
				GCC_WARN_UNUSED_VARIABLE = YES;
				IPHONEOS_DEPLOYMENT_TARGET = 8.2;
				MTL_ENABLE_DEBUG_INFO = NO;
				SDKROOT = iphoneos;
				TARGETED_DEVICE_FAMILY = "1,2";
				VALIDATE_PRODUCT = YES;
			};
			name = Release;
		};
		BCA9E00A1AD735FB00E020E8 /* Debug */ = {
			isa = XCBuildConfiguration;
			buildSettings = {
				ASSETCATALOG_COMPILER_APPICON_NAME = AppIcon;
				INFOPLIST_FILE = playingWithNSLinguisticTagger/Info.plist;
				LD_RUNPATH_SEARCH_PATHS = "$(inherited) @executable_path/Frameworks";
				PRODUCT_NAME = "$(TARGET_NAME)";
			};
			name = Debug;
		};
		BCA9E00B1AD735FB00E020E8 /* Release */ = {
			isa = XCBuildConfiguration;
			buildSettings = {
				ASSETCATALOG_COMPILER_APPICON_NAME = AppIcon;
				INFOPLIST_FILE = playingWithNSLinguisticTagger/Info.plist;
				LD_RUNPATH_SEARCH_PATHS = "$(inherited) @executable_path/Frameworks";
				PRODUCT_NAME = "$(TARGET_NAME)";
			};
			name = Release;
		};
		BCA9E00D1AD735FB00E020E8 /* Debug */ = {
			isa = XCBuildConfiguration;
			buildSettings = {
				BUNDLE_LOADER = "$(TEST_HOST)";
				FRAMEWORK_SEARCH_PATHS = (
					"$(SDKROOT)/Developer/Library/Frameworks",
					"$(inherited)",
				);
				GCC_PREPROCESSOR_DEFINITIONS = (
					"DEBUG=1",
					"$(inherited)",
				);
				INFOPLIST_FILE = playingWithNSLinguisticTaggerTests/Info.plist;
				LD_RUNPATH_SEARCH_PATHS = "$(inherited) @executable_path/Frameworks @loader_path/Frameworks";
				PRODUCT_NAME = "$(TARGET_NAME)";
				TEST_HOST = "$(BUILT_PRODUCTS_DIR)/playingWithNSLinguisticTagger.app/playingWithNSLinguisticTagger";
			};
			name = Debug;
		};
		BCA9E00E1AD735FB00E020E8 /* Release */ = {
			isa = XCBuildConfiguration;
			buildSettings = {
				BUNDLE_LOADER = "$(TEST_HOST)";
				FRAMEWORK_SEARCH_PATHS = (
					"$(SDKROOT)/Developer/Library/Frameworks",
					"$(inherited)",
				);
				INFOPLIST_FILE = playingWithNSLinguisticTaggerTests/Info.plist;
				LD_RUNPATH_SEARCH_PATHS = "$(inherited) @executable_path/Frameworks @loader_path/Frameworks";
				PRODUCT_NAME = "$(TARGET_NAME)";
				TEST_HOST = "$(BUILT_PRODUCTS_DIR)/playingWithNSLinguisticTagger.app/playingWithNSLinguisticTagger";
			};
			name = Release;
		};
/* End XCBuildConfiguration section */

/* Begin XCConfigurationList section */
		BCA9DFE11AD735FB00E020E8 /* Build configuration list for PBXProject "playingWithNSLinguisticTagger" */ = {
			isa = XCConfigurationList;
			buildConfigurations = (
				BCA9E0071AD735FB00E020E8 /* Debug */,
				BCA9E0081AD735FB00E020E8 /* Release */,
			);
			defaultConfigurationIsVisible = 0;
			defaultConfigurationName = Release;
		};
		BCA9E0091AD735FB00E020E8 /* Build configuration list for PBXNativeTarget "playingWithNSLinguisticTagger" */ = {
			isa = XCConfigurationList;
			buildConfigurations = (
				BCA9E00A1AD735FB00E020E8 /* Debug */,
				BCA9E00B1AD735FB00E020E8 /* Release */,
			);
			defaultConfigurationIsVisible = 0;
		};
		BCA9E00C1AD735FB00E020E8 /* Build configuration list for PBXNativeTarget "playingWithNSLinguisticTaggerTests" */ = {
			isa = XCConfigurationList;
			buildConfigurations = (
				BCA9E00D1AD735FB00E020E8 /* Debug */,
				BCA9E00E1AD735FB00E020E8 /* Release */,
			);
			defaultConfigurationIsVisible = 0;
		};
/* End XCConfigurationList section */
	};
	rootObject = BCA9DFDE1AD735FB00E020E8 /* Project object */;
}
